// !$*UTF8*$!
{
	archiveVersion = 1;
	classes = {
	};
	objectVersion = 50;
	objects = {

/* Begin PBXBuildFile section */
		2D0E706C221881140098E7F6 /* AppDelegate.swift in Sources */ = {isa = PBXBuildFile; fileRef = 2D0E706B221881140098E7F6 /* AppDelegate.swift */; };
		2D0E706E221881140098E7F6 /* TabsController.swift in Sources */ = {isa = PBXBuildFile; fileRef = 2D0E706D221881140098E7F6 /* TabsController.swift */; };
		2D0E7070221881150098E7F6 /* Assets.xcassets in Resources */ = {isa = PBXBuildFile; fileRef = 2D0E706F221881150098E7F6 /* Assets.xcassets */; };
		2D0E7073221881150098E7F6 /* Main.storyboard in Resources */ = {isa = PBXBuildFile; fileRef = 2D0E7071221881150098E7F6 /* Main.storyboard */; };
		2D0E707C221882F20098E7F6 /* WindowController.swift in Sources */ = {isa = PBXBuildFile; fileRef = 2D0E707B221882F20098E7F6 /* WindowController.swift */; };
		2D0E707E22192DED0098E7F6 /* TableRowView.swift in Sources */ = {isa = PBXBuildFile; fileRef = 2D0E707D22192DED0098E7F6 /* TableRowView.swift */; };
		2D0E708322193BB70098E7F6 /* DetailsController.swift in Sources */ = {isa = PBXBuildFile; fileRef = 2D0E708222193BB70098E7F6 /* DetailsController.swift */; };
		2D0E708622193D7B0098E7F6 /* Details.storyboard in Resources */ = {isa = PBXBuildFile; fileRef = 2D0E708422193D7B0098E7F6 /* Details.storyboard */; };
		2D0E7088221941630098E7F6 /* AppRouter.swift in Sources */ = {isa = PBXBuildFile; fileRef = 2D0E7087221941630098E7F6 /* AppRouter.swift */; };
		2DF8BB3A22194B2B0039202A /* HomeController.swift in Sources */ = {isa = PBXBuildFile; fileRef = 2DF8BB3922194B2B0039202A /* HomeController.swift */; };
		2DF8BB3C22194B3B0039202A /* CustomerController.swift in Sources */ = {isa = PBXBuildFile; fileRef = 2DF8BB3B22194B3B0039202A /* CustomerController.swift */; };
		2DF8BB3E22194B5A0039202A /* SupplierController.swift in Sources */ = {isa = PBXBuildFile; fileRef = 2DF8BB3D22194B5A0039202A /* SupplierController.swift */; };
		2DF8BB4022194B750039202A /* ProductContoller.swift in Sources */ = {isa = PBXBuildFile; fileRef = 2DF8BB3F22194B750039202A /* ProductContoller.swift */; };
		2DF8BB4222194B8A0039202A /* SettingController.swift in Sources */ = {isa = PBXBuildFile; fileRef = 2DF8BB4122194B8A0039202A /* SettingController.swift */; };
/* End PBXBuildFile section */

/* Begin PBXFileReference section */
		2D0E7068221881140098E7F6 /* Shopper.app */ = {isa = PBXFileReference; explicitFileType = wrapper.application; includeInIndex = 0; path = Shopper.app; sourceTree = BUILT_PRODUCTS_DIR; };
		2D0E706B221881140098E7F6 /* AppDelegate.swift */ = {isa = PBXFileReference; lastKnownFileType = sourcecode.swift; path = AppDelegate.swift; sourceTree = "<group>"; };
		2D0E706D221881140098E7F6 /* TabsController.swift */ = {isa = PBXFileReference; lastKnownFileType = sourcecode.swift; path = TabsController.swift; sourceTree = "<group>"; };
		2D0E706F221881150098E7F6 /* Assets.xcassets */ = {isa = PBXFileReference; lastKnownFileType = folder.assetcatalog; path = Assets.xcassets; sourceTree = "<group>"; };
		2D0E7072221881150098E7F6 /* Base */ = {isa = PBXFileReference; lastKnownFileType = file.storyboard; name = Base; path = Base.lproj/Main.storyboard; sourceTree = "<group>"; };
		2D0E7074221881150098E7F6 /* Info.plist */ = {isa = PBXFileReference; lastKnownFileType = text.plist.xml; path = Info.plist; sourceTree = "<group>"; };
		2D0E7075221881150098E7F6 /* Shopper.entitlements */ = {isa = PBXFileReference; lastKnownFileType = text.plist.entitlements; path = Shopper.entitlements; sourceTree = "<group>"; };
		2D0E707B221882F20098E7F6 /* WindowController.swift */ = {isa = PBXFileReference; fileEncoding = 4; lastKnownFileType = sourcecode.swift; path = WindowController.swift; sourceTree = "<group>"; };
		2D0E707D22192DED0098E7F6 /* TableRowView.swift */ = {isa = PBXFileReference; lastKnownFileType = sourcecode.swift; path = TableRowView.swift; sourceTree = "<group>"; };
		2D0E708222193BB70098E7F6 /* DetailsController.swift */ = {isa = PBXFileReference; lastKnownFileType = sourcecode.swift; path = DetailsController.swift; sourceTree = "<group>"; };
		2D0E708522193D7B0098E7F6 /* Base */ = {isa = PBXFileReference; lastKnownFileType = file.storyboard; name = Base; path = Base.lproj/Details.storyboard; sourceTree = "<group>"; };
		2D0E7087221941630098E7F6 /* AppRouter.swift */ = {isa = PBXFileReference; lastKnownFileType = sourcecode.swift; name = AppRouter.swift; path = Shopper/src/AppRouter.swift; sourceTree = SOURCE_ROOT; };
		2DF8BB3922194B2B0039202A /* HomeController.swift */ = {isa = PBXFileReference; lastKnownFileType = sourcecode.swift; path = HomeController.swift; sourceTree = "<group>"; };
		2DF8BB3B22194B3B0039202A /* CustomerController.swift */ = {isa = PBXFileReference; lastKnownFileType = sourcecode.swift; path = CustomerController.swift; sourceTree = "<group>"; };
		2DF8BB3D22194B5A0039202A /* SupplierController.swift */ = {isa = PBXFileReference; lastKnownFileType = sourcecode.swift; path = SupplierController.swift; sourceTree = "<group>"; };
		2DF8BB3F22194B750039202A /* ProductContoller.swift */ = {isa = PBXFileReference; lastKnownFileType = sourcecode.swift; path = ProductContoller.swift; sourceTree = "<group>"; };
		2DF8BB4122194B8A0039202A /* SettingController.swift */ = {isa = PBXFileReference; lastKnownFileType = sourcecode.swift; path = SettingController.swift; sourceTree = "<group>"; };
/* End PBXFileReference section */

/* Begin PBXFrameworksBuildPhase section */
		2D0E7065221881140098E7F6 /* Frameworks */ = {
			isa = PBXFrameworksBuildPhase;
			buildActionMask = 2147483647;
			files = (
			);
			runOnlyForDeploymentPostprocessing = 0;
		};
/* End PBXFrameworksBuildPhase section */

/* Begin PBXGroup section */
		2D0E705F221881140098E7F6 = {
			isa = PBXGroup;
			children = (
				2D0E706A221881140098E7F6 /* Shopper */,
				2D0E7069221881140098E7F6 /* Products */,
			);
			sourceTree = "<group>";
		};
		2D0E7069221881140098E7F6 /* Products */ = {
			isa = PBXGroup;
			children = (
				2D0E7068221881140098E7F6 /* Shopper.app */,
			);
			name = Products;
			sourceTree = "<group>";
		};
		2D0E706A221881140098E7F6 /* Shopper */ = {
			isa = PBXGroup;
			children = (
				2D0E707F22192E170098E7F6 /* src */,
				2D0E706F221881150098E7F6 /* Assets.xcassets */,
				2D0E7071221881150098E7F6 /* Main.storyboard */,
				2D0E708422193D7B0098E7F6 /* Details.storyboard */,
				2D0E7074221881150098E7F6 /* Info.plist */,
				2D0E7075221881150098E7F6 /* Shopper.entitlements */,
			);
			path = Shopper;
			sourceTree = "<group>";
		};
		2D0E707F22192E170098E7F6 /* src */ = {
			isa = PBXGroup;
			children = (
				2D0E7087221941630098E7F6 /* AppRouter.swift */,
				2D0E706B221881140098E7F6 /* AppDelegate.swift */,
				2D0E708122192E450098E7F6 /* Constollers */,
				2D0E708022192E2E0098E7F6 /* Custom Class */,
			);
			path = src;
			sourceTree = "<group>";
		};
		2D0E708022192E2E0098E7F6 /* Custom Class */ = {
			isa = PBXGroup;
			children = (
				2D0E707B221882F20098E7F6 /* WindowController.swift */,
				2D0E707D22192DED0098E7F6 /* TableRowView.swift */,
			);
			path = "Custom Class";
			sourceTree = "<group>";
		};
		2D0E708122192E450098E7F6 /* Constollers */ = {
			isa = PBXGroup;
			children = (
				2D0E706D221881140098E7F6 /* TabsController.swift */,
				2DF8BB3822194B030039202A /* Details */,
			);
			path = Constollers;
			sourceTree = "<group>";
		};
		2DF8BB3822194B030039202A /* Details */ = {
			isa = PBXGroup;
			children = (
				2D0E708222193BB70098E7F6 /* DetailsController.swift */,
				2DF8BB3922194B2B0039202A /* HomeController.swift */,
				2DF8BB3B22194B3B0039202A /* CustomerController.swift */,
				2DF8BB3D22194B5A0039202A /* SupplierController.swift */,
				2DF8BB3F22194B750039202A /* ProductContoller.swift */,
				2DF8BB4122194B8A0039202A /* SettingController.swift */,
			);
			path = Details;
			sourceTree = "<group>";
		};
/* End PBXGroup section */

/* Begin PBXNativeTarget section */
		2D0E7067221881140098E7F6 /* Shopper */ = {
			isa = PBXNativeTarget;
			buildConfigurationList = 2D0E7078221881150098E7F6 /* Build configuration list for PBXNativeTarget "Shopper" */;
			buildPhases = (
				2D0E7064221881140098E7F6 /* Sources */,
				2D0E7065221881140098E7F6 /* Frameworks */,
				2D0E7066221881140098E7F6 /* Resources */,
			);
			buildRules = (
			);
			dependencies = (
			);
			name = Shopper;
			productName = Shopper;
			productReference = 2D0E7068221881140098E7F6 /* Shopper.app */;
			productType = "com.apple.product-type.application";
		};
/* End PBXNativeTarget section */

/* Begin PBXProject section */
		2D0E7060221881140098E7F6 /* Project object */ = {
			isa = PBXProject;
			attributes = {
				LastSwiftUpdateCheck = 1010;
				LastUpgradeCheck = 1010;
				ORGANIZATIONNAME = erbittuu;
				TargetAttributes = {
					2D0E7067221881140098E7F6 = {
						CreatedOnToolsVersion = 10.1;
					};
				};
			};
			buildConfigurationList = 2D0E7063221881140098E7F6 /* Build configuration list for PBXProject "Shopper" */;
			compatibilityVersion = "Xcode 9.3";
			developmentRegion = en;
			hasScannedForEncodings = 0;
			knownRegions = (
				en,
				Base,
			);
			mainGroup = 2D0E705F221881140098E7F6;
			productRefGroup = 2D0E7069221881140098E7F6 /* Products */;
			projectDirPath = "";
			projectRoot = "";
			targets = (
				2D0E7067221881140098E7F6 /* Shopper */,
			);
		};
/* End PBXProject section */

/* Begin PBXResourcesBuildPhase section */
		2D0E7066221881140098E7F6 /* Resources */ = {
			isa = PBXResourcesBuildPhase;
			buildActionMask = 2147483647;
			files = (
				2D0E7070221881150098E7F6 /* Assets.xcassets in Resources */,
				2D0E708622193D7B0098E7F6 /* Details.storyboard in Resources */,
				2D0E7073221881150098E7F6 /* Main.storyboard in Resources */,
			);
			runOnlyForDeploymentPostprocessing = 0;
		};
/* End PBXResourcesBuildPhase section */

/* Begin PBXSourcesBuildPhase section */
		2D0E7064221881140098E7F6 /* Sources */ = {
			isa = PBXSourcesBuildPhase;
			buildActionMask = 2147483647;
			files = (
				2DF8BB4022194B750039202A /* ProductContoller.swift in Sources */,
				2D0E707E22192DED0098E7F6 /* TableRowView.swift in Sources */,
				2DF8BB3E22194B5A0039202A /* SupplierController.swift in Sources */,
				2DF8BB3C22194B3B0039202A /* CustomerController.swift in Sources */,
				2D0E706E221881140098E7F6 /* TabsController.swift in Sources */,
				2DF8BB3A22194B2B0039202A /* HomeController.swift in Sources */,
				2D0E7088221941630098E7F6 /* AppRouter.swift in Sources */,
				2D0E708322193BB70098E7F6 /* DetailsController.swift in Sources */,
				2DF8BB4222194B8A0039202A /* SettingController.swift in Sources */,
				2D0E707C221882F20098E7F6 /* WindowController.swift in Sources */,
				2D0E706C221881140098E7F6 /* AppDelegate.swift in Sources */,
			);
			runOnlyForDeploymentPostprocessing = 0;
		};
/* End PBXSourcesBuildPhase section */

/* Begin PBXVariantGroup section */
		2D0E7071221881150098E7F6 /* Main.storyboard */ = {
			isa = PBXVariantGroup;
			children = (
				2D0E7072221881150098E7F6 /* Base */,
			);
			name = Main.storyboard;
			sourceTree = "<group>";
		};
		2D0E708422193D7B0098E7F6 /* Details.storyboard */ = {
			isa = PBXVariantGroup;
			children = (
				2D0E708522193D7B0098E7F6 /* Base */,
			);
			name = Details.storyboard;
			sourceTree = "<group>";
		};
/* End PBXVariantGroup section */

/* Begin XCBuildConfiguration section */
		2D0E7076221881150098E7F6 /* Debug */ = {
			isa = XCBuildConfiguration;
			buildSettings = {
				ALWAYS_SEARCH_USER_PATHS = NO;
				CLANG_ANALYZER_NONNULL = YES;
				CLANG_ANALYZER_NUMBER_OBJECT_CONVERSION = YES_AGGRESSIVE;
				CLANG_CXX_LANGUAGE_STANDARD = "gnu++14";
				CLANG_CXX_LIBRARY = "libc++";
				CLANG_ENABLE_MODULES = YES;
				CLANG_ENABLE_OBJC_ARC = YES;
				CLANG_ENABLE_OBJC_WEAK = YES;
				CLANG_WARN_BLOCK_CAPTURE_AUTORELEASING = YES;
				CLANG_WARN_BOOL_CONVERSION = YES;
				CLANG_WARN_COMMA = YES;
				CLANG_WARN_CONSTANT_CONVERSION = YES;
				CLANG_WARN_DEPRECATED_OBJC_IMPLEMENTATIONS = YES;
				CLANG_WARN_DIRECT_OBJC_ISA_USAGE = YES_ERROR;
				CLANG_WARN_DOCUMENTATION_COMMENTS = YES;
				CLANG_WARN_EMPTY_BODY = YES;
				CLANG_WARN_ENUM_CONVERSION = YES;
				CLANG_WARN_INFINITE_RECURSION = YES;
				CLANG_WARN_INT_CONVERSION = YES;
				CLANG_WARN_NON_LITERAL_NULL_CONVERSION = YES;
				CLANG_WARN_OBJC_IMPLICIT_RETAIN_SELF = YES;
				CLANG_WARN_OBJC_LITERAL_CONVERSION = YES;
				CLANG_WARN_OBJC_ROOT_CLASS = YES_ERROR;
				CLANG_WARN_RANGE_LOOP_ANALYSIS = YES;
				CLANG_WARN_STRICT_PROTOTYPES = YES;
				CLANG_WARN_SUSPICIOUS_MOVE = YES;
				CLANG_WARN_UNGUARDED_AVAILABILITY = YES_AGGRESSIVE;
				CLANG_WARN_UNREACHABLE_CODE = YES;
				CLANG_WARN__DUPLICATE_METHOD_MATCH = YES;
				CODE_SIGN_IDENTITY = "Mac Developer";
				COPY_PHASE_STRIP = NO;
				DEBUG_INFORMATION_FORMAT = dwarf;
				ENABLE_STRICT_OBJC_MSGSEND = YES;
				ENABLE_TESTABILITY = YES;
				GCC_C_LANGUAGE_STANDARD = gnu11;
				GCC_DYNAMIC_NO_PIC = NO;
				GCC_NO_COMMON_BLOCKS = YES;
				GCC_OPTIMIZATION_LEVEL = 0;
				GCC_PREPROCESSOR_DEFINITIONS = (
					"DEBUG=1",
					"$(inherited)",
				);
				GCC_WARN_64_TO_32_BIT_CONVERSION = YES;
				GCC_WARN_ABOUT_RETURN_TYPE = YES_ERROR;
				GCC_WARN_UNDECLARED_SELECTOR = YES;
				GCC_WARN_UNINITIALIZED_AUTOS = YES_AGGRESSIVE;
				GCC_WARN_UNUSED_FUNCTION = YES;
				GCC_WARN_UNUSED_VARIABLE = YES;
				MACOSX_DEPLOYMENT_TARGET = 10.14;
				MTL_ENABLE_DEBUG_INFO = INCLUDE_SOURCE;
				MTL_FAST_MATH = YES;
				ONLY_ACTIVE_ARCH = YES;
				SDKROOT = macosx;
				SWIFT_ACTIVE_COMPILATION_CONDITIONS = DEBUG;
				SWIFT_OPTIMIZATION_LEVEL = "-Onone";
			};
			name = Debug;
		};
		2D0E7077221881150098E7F6 /* Release */ = {
			isa = XCBuildConfiguration;
			buildSettings = {
				ALWAYS_SEARCH_USER_PATHS = NO;
				CLANG_ANALYZER_NONNULL = YES;
				CLANG_ANALYZER_NUMBER_OBJECT_CONVERSION = YES_AGGRESSIVE;
				CLANG_CXX_LANGUAGE_STANDARD = "gnu++14";
				CLANG_CXX_LIBRARY = "libc++";
				CLANG_ENABLE_MODULES = YES;
				CLANG_ENABLE_OBJC_ARC = YES;
				CLANG_ENABLE_OBJC_WEAK = YES;
				CLANG_WARN_BLOCK_CAPTURE_AUTORELEASING = YES;
				CLANG_WARN_BOOL_CONVERSION = YES;
				CLANG_WARN_COMMA = YES;
				CLANG_WARN_CONSTANT_CONVERSION = YES;
				CLANG_WARN_DEPRECATED_OBJC_IMPLEMENTATIONS = YES;
				CLANG_WARN_DIRECT_OBJC_ISA_USAGE = YES_ERROR;
				CLANG_WARN_DOCUMENTATION_COMMENTS = YES;
				CLANG_WARN_EMPTY_BODY = YES;
				CLANG_WARN_ENUM_CONVERSION = YES;
				CLANG_WARN_INFINITE_RECURSION = YES;
				CLANG_WARN_INT_CONVERSION = YES;
				CLANG_WARN_NON_LITERAL_NULL_CONVERSION = YES;
				CLANG_WARN_OBJC_IMPLICIT_RETAIN_SELF = YES;
				CLANG_WARN_OBJC_LITERAL_CONVERSION = YES;
				CLANG_WARN_OBJC_ROOT_CLASS = YES_ERROR;
				CLANG_WARN_RANGE_LOOP_ANALYSIS = YES;
				CLANG_WARN_STRICT_PROTOTYPES = YES;
				CLANG_WARN_SUSPICIOUS_MOVE = YES;
				CLANG_WARN_UNGUARDED_AVAILABILITY = YES_AGGRESSIVE;
				CLANG_WARN_UNREACHABLE_CODE = YES;
				CLANG_WARN__DUPLICATE_METHOD_MATCH = YES;
				CODE_SIGN_IDENTITY = "Mac Developer";
				COPY_PHASE_STRIP = NO;
				DEBUG_INFORMATION_FORMAT = "dwarf-with-dsym";
				ENABLE_NS_ASSERTIONS = NO;
				ENABLE_STRICT_OBJC_MSGSEND = YES;
				GCC_C_LANGUAGE_STANDARD = gnu11;
				GCC_NO_COMMON_BLOCKS = YES;
				GCC_WARN_64_TO_32_BIT_CONVERSION = YES;
				GCC_WARN_ABOUT_RETURN_TYPE = YES_ERROR;
				GCC_WARN_UNDECLARED_SELECTOR = YES;
				GCC_WARN_UNINITIALIZED_AUTOS = YES_AGGRESSIVE;
				GCC_WARN_UNUSED_FUNCTION = YES;
				GCC_WARN_UNUSED_VARIABLE = YES;
				MACOSX_DEPLOYMENT_TARGET = 10.14;
				MTL_ENABLE_DEBUG_INFO = NO;
				MTL_FAST_MATH = YES;
				SDKROOT = macosx;
				SWIFT_COMPILATION_MODE = wholemodule;
				SWIFT_OPTIMIZATION_LEVEL = "-O";
			};
			name = Release;
		};
		2D0E7079221881150098E7F6 /* Debug */ = {
			isa = XCBuildConfiguration;
			buildSettings = {
				ASSETCATALOG_COMPILER_APPICON_NAME = AppIcon;
				CODE_SIGN_ENTITLEMENTS = Shopper/Shopper.entitlements;
				CODE_SIGN_STYLE = Automatic;
				COMBINE_HIDPI_IMAGES = YES;
				DEVELOPMENT_TEAM = 9F7K8HV529;
				INFOPLIST_FILE = Shopper/Info.plist;
				LD_RUNPATH_SEARCH_PATHS = (
					"$(inherited)",
					"@executable_path/../Frameworks",
				);
				PRODUCT_BUNDLE_IDENTIFIER = com.erbittuu.Shopper;
				PRODUCT_NAME = "$(TARGET_NAME)";
				SWIFT_VERSION = 4.2;
			};
			name = Debug;
		};
		2D0E707A221881150098E7F6 /* Release */ = {
			isa = XCBuildConfiguration;
			buildSettings = {
				ASSETCATALOG_COMPILER_APPICON_NAME = AppIcon;
				CODE_SIGN_ENTITLEMENTS = Shopper/Shopper.entitlements;
				CODE_SIGN_STYLE = Automatic;
				COMBINE_HIDPI_IMAGES = YES;
				DEVELOPMENT_TEAM = 9F7K8HV529;
				INFOPLIST_FILE = Shopper/Info.plist;
				LD_RUNPATH_SEARCH_PATHS = (
					"$(inherited)",
					"@executable_path/../Frameworks",
				);
				PRODUCT_BUNDLE_IDENTIFIER = com.erbittuu.Shopper;
				PRODUCT_NAME = "$(TARGET_NAME)";
				SWIFT_VERSION = 4.2;
			};
			name = Release;
		};
/* End XCBuildConfiguration section */

/* Begin XCConfigurationList section */
		2D0E7063221881140098E7F6 /* Build configuration list for PBXProject "Shopper" */ = {
			isa = XCConfigurationList;
			buildConfigurations = (
				2D0E7076221881150098E7F6 /* Debug */,
				2D0E7077221881150098E7F6 /* Release */,
			);
			defaultConfigurationIsVisible = 0;
			defaultConfigurationName = Release;
		};
		2D0E7078221881150098E7F6 /* Build configuration list for PBXNativeTarget "Shopper" */ = {
			isa = XCConfigurationList;
			buildConfigurations = (
				2D0E7079221881150098E7F6 /* Debug */,
				2D0E707A221881150098E7F6 /* Release */,
			);
			defaultConfigurationIsVisible = 0;
			defaultConfigurationName = Release;
		};
/* End XCConfigurationList section */
	};
	rootObject = 2D0E7060221881140098E7F6 /* Project object */;
}
